# This file is automatically @generated by Cargo.
# It is not intended for manual editing.
version = 3

[[package]]
name = "compiler_builtins"
version = "0.1.70"
source = "git+https://github.com/rust-lang/compiler-builtins#4f7ca0a343314e7c534be194a06ef78734243884"

[[package]]
name = "tracex5"
version = "0.1.0"
dependencies = [
 "compiler_builtins",
]
