# This file is automatically @generated by Cargo.
# It is not intended for manual editing.
version = 3

[[package]]
name = "compiler_builtins"
version = "0.1.66"
source = "git+https://github.com/rust-lang/compiler-builtins#ea0cb5b589cc498d629c545e9bae600301ba6aed"

[[package]]
name = "rust_test"
version = "0.1.0"
dependencies = [
 "compiler_builtins",
]
